// !$*UTF8*$!
{
	archiveVersion = 1;
	classes = {
	};
	objectVersion = 46;
	objects = {

/* Begin PBXBuildFile section */
		3E893F0447EEC5754B30856A /* libPods-test2.a in Frameworks */ = {isa = PBXBuildFile; fileRef = 1CB9E63DD85B6697107AECF0 /* libPods-test2.a */; };
		46E444F41B614ADE0023B3A6 /* main.m in Sources */ = {isa = PBXBuildFile; fileRef = 46E444F31B614ADE0023B3A6 /* main.m */; };
		46E444F71B614ADE0023B3A6 /* AppDelegate.m in Sources */ = {isa = PBXBuildFile; fileRef = 46E444F61B614ADE0023B3A6 /* AppDelegate.m */; };
		46E444FA1B614ADE0023B3A6 /* ViewController.m in Sources */ = {isa = PBXBuildFile; fileRef = 46E444F91B614ADE0023B3A6 /* ViewController.m */; };
		46E444FD1B614ADE0023B3A6 /* Main.storyboard in Resources */ = {isa = PBXBuildFile; fileRef = 46E444FB1B614ADE0023B3A6 /* Main.storyboard */; };
		46E444FF1B614ADE0023B3A6 /* Images.xcassets in Resources */ = {isa = PBXBuildFile; fileRef = 46E444FE1B614ADE0023B3A6 /* Images.xcassets */; };
		46E445021B614ADE0023B3A6 /* LaunchScreen.xib in Resources */ = {isa = PBXBuildFile; fileRef = 46E445001B614ADE0023B3A6 /* LaunchScreen.xib */; };
		46E4450E1B614ADE0023B3A6 /* test2Tests.m in Sources */ = {isa = PBXBuildFile; fileRef = 46E4450D1B614ADE0023B3A6 /* test2Tests.m */; };
/* End PBXBuildFile section */

/* Begin PBXContainerItemProxy section */
		46E445081B614ADE0023B3A6 /* PBXContainerItemProxy */ = {
			isa = PBXContainerItemProxy;
			containerPortal = 46E444E61B614ADE0023B3A6 /* Project object */;
			proxyType = 1;
			remoteGlobalIDString = 46E444ED1B614ADE0023B3A6;
			remoteInfo = test2;
		};
/* End PBXContainerItemProxy section */

/* Begin PBXFileReference section */
		1CB9E63DD85B6697107AECF0 /* libPods-test2.a */ = {isa = PBXFileReference; explicitFileType = archive.ar; includeInIndex = 0; path = "libPods-test2.a"; sourceTree = BUILT_PRODUCTS_DIR; };
		46E444EE1B614ADE0023B3A6 /* test2.app */ = {isa = PBXFileReference; explicitFileType = wrapper.application; includeInIndex = 0; path = test2.app; sourceTree = BUILT_PRODUCTS_DIR; };
		46E444F21B614ADE0023B3A6 /* Info.plist */ = {isa = PBXFileReference; lastKnownFileType = text.plist.xml; path = Info.plist; sourceTree = "<group>"; };
		46E444F31B614ADE0023B3A6 /* main.m */ = {isa = PBXFileReference; lastKnownFileType = sourcecode.c.objc; path = main.m; sourceTree = "<group>"; };
		46E444F51B614ADE0023B3A6 /* AppDelegate.h */ = {isa = PBXFileReference; lastKnownFileType = sourcecode.c.h; path = AppDelegate.h; sourceTree = "<group>"; };
		46E444F61B614ADE0023B3A6 /* AppDelegate.m */ = {isa = PBXFileReference; lastKnownFileType = sourcecode.c.objc; path = AppDelegate.m; sourceTree = "<group>"; };
		46E444F81B614ADE0023B3A6 /* ViewController.h */ = {isa = PBXFileReference; lastKnownFileType = sourcecode.c.h; path = ViewController.h; sourceTree = "<group>"; };
		46E444F91B614ADE0023B3A6 /* ViewController.m */ = {isa = PBXFileReference; lastKnownFileType = sourcecode.c.objc; path = ViewController.m; sourceTree = "<group>"; };
		46E444FC1B614ADE0023B3A6 /* Base */ = {isa = PBXFileReference; lastKnownFileType = file.storyboard; name = Base; path = Base.lproj/Main.storyboard; sourceTree = "<group>"; };
		46E444FE1B614ADE0023B3A6 /* Images.xcassets */ = {isa = PBXFileReference; lastKnownFileType = folder.assetcatalog; path = Images.xcassets; sourceTree = "<group>"; };
		46E445011B614ADE0023B3A6 /* Base */ = {isa = PBXFileReference; lastKnownFileType = file.xib; name = Base; path = Base.lproj/LaunchScreen.xib; sourceTree = "<group>"; };
		46E445071B614ADE0023B3A6 /* test2Tests.xctest */ = {isa = PBXFileReference; explicitFileType = wrapper.cfbundle; includeInIndex = 0; path = test2Tests.xctest; sourceTree = BUILT_PRODUCTS_DIR; };
		46E4450C1B614ADE0023B3A6 /* Info.plist */ = {isa = PBXFileReference; lastKnownFileType = text.plist.xml; path = Info.plist; sourceTree = "<group>"; };
		46E4450D1B614ADE0023B3A6 /* test2Tests.m */ = {isa = PBXFileReference; lastKnownFileType = sourcecode.c.objc; path = test2Tests.m; sourceTree = "<group>"; };
		6055914C3339954301E3B024 /* Pods-test2.debug.xcconfig */ = {isa = PBXFileReference; includeInIndex = 1; lastKnownFileType = text.xcconfig; name = "Pods-test2.debug.xcconfig"; path = "Pods/Target Support Files/Pods-test2/Pods-test2.debug.xcconfig"; sourceTree = "<group>"; };
		69F2EE130298D2DA3DACC973 /* Pods-test2.release.xcconfig */ = {isa = PBXFileReference; includeInIndex = 1; lastKnownFileType = text.xcconfig; name = "Pods-test2.release.xcconfig"; path = "Pods/Target Support Files/Pods-test2/Pods-test2.release.xcconfig"; sourceTree = "<group>"; };
/* End PBXFileReference section */

/* Begin PBXFrameworksBuildPhase section */
		46E444EB1B614ADE0023B3A6 /* Frameworks */ = {
			isa = PBXFrameworksBuildPhase;
			buildActionMask = 2147483647;
			files = (
				3E893F0447EEC5754B30856A /* libPods-test2.a in Frameworks */,
			);
			runOnlyForDeploymentPostprocessing = 0;
		};
		46E445041B614ADE0023B3A6 /* Frameworks */ = {
			isa = PBXFrameworksBuildPhase;
			buildActionMask = 2147483647;
			files = (
			);
			runOnlyForDeploymentPostprocessing = 0;
		};
/* End PBXFrameworksBuildPhase section */

/* Begin PBXGroup section */
		46E444E51B614ADE0023B3A6 = {
			isa = PBXGroup;
			children = (
				46E444F01B614ADE0023B3A6 /* test2 */,
				46E4450A1B614ADE0023B3A6 /* test2Tests */,
				46E444EF1B614ADE0023B3A6 /* Products */,
				5EB176A33F362FA1AB33901F /* Pods */,
				ABCAE5C017B7E253EE4E3B2F /* Frameworks */,
			);
			sourceTree = "<group>";
		};
		46E444EF1B614ADE0023B3A6 /* Products */ = {
			isa = PBXGroup;
			children = (
				46E444EE1B614ADE0023B3A6 /* test2.app */,
				46E445071B614ADE0023B3A6 /* test2Tests.xctest */,
			);
			name = Products;
			sourceTree = "<group>";
		};
		46E444F01B614ADE0023B3A6 /* test2 */ = {
			isa = PBXGroup;
			children = (
				46E444F51B614ADE0023B3A6 /* AppDelegate.h */,
				46E444F61B614ADE0023B3A6 /* AppDelegate.m */,
				46E444F81B614ADE0023B3A6 /* ViewController.h */,
				46E444F91B614ADE0023B3A6 /* ViewController.m */,
				46E444FB1B614ADE0023B3A6 /* Main.storyboard */,
				46E444FE1B614ADE0023B3A6 /* Images.xcassets */,
				46E445001B614ADE0023B3A6 /* LaunchScreen.xib */,
				46E444F11B614ADE0023B3A6 /* Supporting Files */,
			);
			path = test2;
			sourceTree = "<group>";
		};
		46E444F11B614ADE0023B3A6 /* Supporting Files */ = {
			isa = PBXGroup;
			children = (
				46E444F21B614ADE0023B3A6 /* Info.plist */,
				46E444F31B614ADE0023B3A6 /* main.m */,
			);
			name = "Supporting Files";
			sourceTree = "<group>";
		};
		46E4450A1B614ADE0023B3A6 /* test2Tests */ = {
			isa = PBXGroup;
			children = (
				46E4450D1B614ADE0023B3A6 /* test2Tests.m */,
				46E4450B1B614ADE0023B3A6 /* Supporting Files */,
			);
			path = test2Tests;
			sourceTree = "<group>";
		};
		46E4450B1B614ADE0023B3A6 /* Supporting Files */ = {
			isa = PBXGroup;
			children = (
				46E4450C1B614ADE0023B3A6 /* Info.plist */,
			);
			name = "Supporting Files";
			sourceTree = "<group>";
		};
		5EB176A33F362FA1AB33901F /* Pods */ = {
			isa = PBXGroup;
			children = (
				6055914C3339954301E3B024 /* Pods-test2.debug.xcconfig */,
				69F2EE130298D2DA3DACC973 /* Pods-test2.release.xcconfig */,
			);
			name = Pods;
			sourceTree = "<group>";
		};
		ABCAE5C017B7E253EE4E3B2F /* Frameworks */ = {
			isa = PBXGroup;
			children = (
				1CB9E63DD85B6697107AECF0 /* libPods-test2.a */,
			);
			name = Frameworks;
			sourceTree = "<group>";
		};
/* End PBXGroup section */

/* Begin PBXNativeTarget section */
		46E444ED1B614ADE0023B3A6 /* test2 */ = {
			isa = PBXNativeTarget;
			buildConfigurationList = 46E445111B614ADE0023B3A6 /* Build configuration list for PBXNativeTarget "test2" */;
			buildPhases = (
				2528F12E5391B2DF8D505AB1 /* Check Pods Manifest.lock */,
				46E444EA1B614ADE0023B3A6 /* Sources */,
				46E444EB1B614ADE0023B3A6 /* Frameworks */,
				46E444EC1B614ADE0023B3A6 /* Resources */,
				010300FC56596792BB591D8B /* Copy Pods Resources */,
			);
			buildRules = (
			);
			dependencies = (
			);
			name = test2;
			productName = test2;
			productReference = 46E444EE1B614ADE0023B3A6 /* test2.app */;
			productType = "com.apple.product-type.application";
		};
		46E445061B614ADE0023B3A6 /* test2Tests */ = {
			isa = PBXNativeTarget;
			buildConfigurationList = 46E445141B614ADE0023B3A6 /* Build configuration list for PBXNativeTarget "test2Tests" */;
			buildPhases = (
				46E445031B614ADE0023B3A6 /* Sources */,
				46E445041B614ADE0023B3A6 /* Frameworks */,
				46E445051B614ADE0023B3A6 /* Resources */,
			);
			buildRules = (
			);
			dependencies = (
				46E445091B614ADE0023B3A6 /* PBXTargetDependency */,
			);
			name = test2Tests;
			productName = test2Tests;
			productReference = 46E445071B614ADE0023B3A6 /* test2Tests.xctest */;
			productType = "com.apple.product-type.bundle.unit-test";
		};
/* End PBXNativeTarget section */

/* Begin PBXProject section */
		46E444E61B614ADE0023B3A6 /* Project object */ = {
			isa = PBXProject;
			attributes = {
				LastUpgradeCheck = 0640;
				ORGANIZATIONNAME = jenkins2;
				TargetAttributes = {
					46E444ED1B614ADE0023B3A6 = {
						CreatedOnToolsVersion = 6.4;
					};
					46E445061B614ADE0023B3A6 = {
						CreatedOnToolsVersion = 6.4;
						TestTargetID = 46E444ED1B614ADE0023B3A6;
					};
				};
			};
			buildConfigurationList = 46E444E91B614ADE0023B3A6 /* Build configuration list for PBXProject "test2" */;
			compatibilityVersion = "Xcode 3.2";
			developmentRegion = English;
			hasScannedForEncodings = 0;
			knownRegions = (
				en,
				Base,
			);
			mainGroup = 46E444E51B614ADE0023B3A6;
			productRefGroup = 46E444EF1B614ADE0023B3A6 /* Products */;
			projectDirPath = "";
			projectRoot = "";
			targets = (
				46E444ED1B614ADE0023B3A6 /* test2 */,
				46E445061B614ADE0023B3A6 /* test2Tests */,
			);
		};
/* End PBXProject section */

/* Begin PBXResourcesBuildPhase section */
		46E444EC1B614ADE0023B3A6 /* Resources */ = {
			isa = PBXResourcesBuildPhase;
			buildActionMask = 2147483647;
			files = (
				46E444FD1B614ADE0023B3A6 /* Main.storyboard in Resources */,
				46E445021B614ADE0023B3A6 /* LaunchScreen.xib in Resources */,
				46E444FF1B614ADE0023B3A6 /* Images.xcassets in Resources */,
			);
			runOnlyForDeploymentPostprocessing = 0;
		};
		46E445051B614ADE0023B3A6 /* Resources */ = {
			isa = PBXResourcesBuildPhase;
			buildActionMask = 2147483647;
			files = (
			);
			runOnlyForDeploymentPostprocessing = 0;
		};
/* End PBXResourcesBuildPhase section */

/* Begin PBXShellScriptBuildPhase section */
		010300FC56596792BB591D8B /* Copy Pods Resources */ = {
			isa = PBXShellScriptBuildPhase;
			buildActionMask = 2147483647;
			files = (
			);
			inputPaths = (
			);
			name = "Copy Pods Resources";
			outputPaths = (
			);
			runOnlyForDeploymentPostprocessing = 0;
			shellPath = /bin/sh;
			shellScript = "\"${SRCROOT}/Pods/Target Support Files/Pods-test2/Pods-test2-resources.sh\"\n";
			showEnvVarsInLog = 0;
		};
		2528F12E5391B2DF8D505AB1 /* Check Pods Manifest.lock */ = {
			isa = PBXShellScriptBuildPhase;
			buildActionMask = 2147483647;
			files = (
			);
			inputPaths = (
			);
			name = "Check Pods Manifest.lock";
			outputPaths = (
			);
			runOnlyForDeploymentPostprocessing = 0;
			shellPath = /bin/sh;
			shellScript = "diff \"${PODS_ROOT}/../Podfile.lock\" \"${PODS_ROOT}/Manifest.lock\" > /dev/null\nif [[ $? != 0 ]] ; then\n    cat << EOM\nerror: The sandbox is not in sync with the Podfile.lock. Run 'pod install' or update your CocoaPods installation.\nEOM\n    exit 1\nfi\n";
			showEnvVarsInLog = 0;
		};
/* End PBXShellScriptBuildPhase section */

/* Begin PBXSourcesBuildPhase section */
		46E444EA1B614ADE0023B3A6 /* Sources */ = {
			isa = PBXSourcesBuildPhase;
			buildActionMask = 2147483647;
			files = (
				46E444FA1B614ADE0023B3A6 /* ViewController.m in Sources */,
				46E444F71B614ADE0023B3A6 /* AppDelegate.m in Sources */,
				46E444F41B614ADE0023B3A6 /* main.m in Sources */,
			);
			runOnlyForDeploymentPostprocessing = 0;
		};
		46E445031B614ADE0023B3A6 /* Sources */ = {
			isa = PBXSourcesBuildPhase;
			buildActionMask = 2147483647;
			files = (
				46E4450E1B614ADE0023B3A6 /* test2Tests.m in Sources */,
			);
			runOnlyForDeploymentPostprocessing = 0;
		};
/* End PBXSourcesBuildPhase section */

/* Begin PBXTargetDependency section */
		46E445091B614ADE0023B3A6 /* PBXTargetDependency */ = {
			isa = PBXTargetDependency;
			target = 46E444ED1B614ADE0023B3A6 /* test2 */;
			targetProxy = 46E445081B614ADE0023B3A6 /* PBXContainerItemProxy */;
		};
/* End PBXTargetDependency section */

/* Begin PBXVariantGroup section */
		46E444FB1B614ADE0023B3A6 /* Main.storyboard */ = {
			isa = PBXVariantGroup;
			children = (
				46E444FC1B614ADE0023B3A6 /* Base */,
			);
			name = Main.storyboard;
			sourceTree = "<group>";
		};
		46E445001B614ADE0023B3A6 /* LaunchScreen.xib */ = {
			isa = PBXVariantGroup;
			children = (
				46E445011B614ADE0023B3A6 /* Base */,
			);
			name = LaunchScreen.xib;
			sourceTree = "<group>";
		};
/* End PBXVariantGroup section */

/* Begin XCBuildConfiguration section */
		46E4450F1B614ADE0023B3A6 /* Debug */ = {
			isa = XCBuildConfiguration;
			buildSettings = {
				ALWAYS_SEARCH_USER_PATHS = NO;
				CLANG_CXX_LANGUAGE_STANDARD = "gnu++0x";
				CLANG_CXX_LIBRARY = "libc++";
				CLANG_ENABLE_MODULES = YES;
				CLANG_ENABLE_OBJC_ARC = YES;
				CLANG_WARN_BOOL_CONVERSION = YES;
				CLANG_WARN_CONSTANT_CONVERSION = YES;
				CLANG_WARN_DIRECT_OBJC_ISA_USAGE = YES_ERROR;
				CLANG_WARN_EMPTY_BODY = YES;
				CLANG_WARN_ENUM_CONVERSION = YES;
				CLANG_WARN_INT_CONVERSION = YES;
				CLANG_WARN_OBJC_ROOT_CLASS = YES_ERROR;
				CLANG_WARN_UNREACHABLE_CODE = YES;
				CLANG_WARN__DUPLICATE_METHOD_MATCH = YES;
				"CODE_SIGN_IDENTITY[sdk=iphoneos*]" = "iPhone Developer";
				COPY_PHASE_STRIP = NO;
				DEBUG_INFORMATION_FORMAT = "dwarf-with-dsym";
				ENABLE_STRICT_OBJC_MSGSEND = YES;
				GCC_C_LANGUAGE_STANDARD = gnu99;
				GCC_DYNAMIC_NO_PIC = NO;
				GCC_NO_COMMON_BLOCKS = YES;
				GCC_OPTIMIZATION_LEVEL = 0;
				GCC_PREPROCESSOR_DEFINITIONS = (
					"DEBUG=1",
					"$(inherited)",
				);
				GCC_SYMBOLS_PRIVATE_EXTERN = NO;
				GCC_WARN_64_TO_32_BIT_CONVERSION = YES;
				GCC_WARN_ABOUT_RETURN_TYPE = YES_ERROR;
				GCC_WARN_UNDECLARED_SELECTOR = YES;
				GCC_WARN_UNINITIALIZED_AUTOS = YES_AGGRESSIVE;
				GCC_WARN_UNUSED_FUNCTION = YES;
				GCC_WARN_UNUSED_VARIABLE = YES;
				IPHONEOS_DEPLOYMENT_TARGET = 8.4;
				MTL_ENABLE_DEBUG_INFO = YES;
				ONLY_ACTIVE_ARCH = YES;
				SDKROOT = iphoneos;
				TARGETED_DEVICE_FAMILY = "1,2";
			};
			name = Debug;
		};
		46E445101B614ADE0023B3A6 /* Release */ = {
			isa = XCBuildConfiguration;
			buildSettings = {
				ALWAYS_SEARCH_USER_PATHS = NO;
				CLANG_CXX_LANGUAGE_STANDARD = "gnu++0x";
				CLANG_CXX_LIBRARY = "libc++";
				CLANG_ENABLE_MODULES = YES;
				CLANG_ENABLE_OBJC_ARC = YES;
				CLANG_WARN_BOOL_CONVERSION = YES;
				CLANG_WARN_CONSTANT_CONVERSION = YES;
				CLANG_WARN_DIRECT_OBJC_ISA_USAGE = YES_ERROR;
				CLANG_WARN_EMPTY_BODY = YES;
				CLANG_WARN_ENUM_CONVERSION = YES;
				CLANG_WARN_INT_CONVERSION = YES;
				CLANG_WARN_OBJC_ROOT_CLASS = YES_ERROR;
				CLANG_WARN_UNREACHABLE_CODE = YES;
				CLANG_WARN__DUPLICATE_METHOD_MATCH = YES;
				"CODE_SIGN_IDENTITY[sdk=iphoneos*]" = "iPhone Developer";
				COPY_PHASE_STRIP = NO;
				DEBUG_INFORMATION_FORMAT = "dwarf-with-dsym";
				ENABLE_NS_ASSERTIONS = NO;
				ENABLE_STRICT_OBJC_MSGSEND = YES;
				GCC_C_LANGUAGE_STANDARD = gnu99;
				GCC_NO_COMMON_BLOCKS = YES;
				GCC_WARN_64_TO_32_BIT_CONVERSION = YES;
				GCC_WARN_ABOUT_RETURN_TYPE = YES_ERROR;
				GCC_WARN_UNDECLARED_SELECTOR = YES;
				GCC_WARN_UNINITIALIZED_AUTOS = YES_AGGRESSIVE;
				GCC_WARN_UNUSED_FUNCTION = YES;
				GCC_WARN_UNUSED_VARIABLE = YES;
				IPHONEOS_DEPLOYMENT_TARGET = 8.4;
				MTL_ENABLE_DEBUG_INFO = NO;
				SDKROOT = iphoneos;
				TARGETED_DEVICE_FAMILY = "1,2";
				VALIDATE_PRODUCT = YES;
			};
			name = Release;
		};
		46E445121B614ADE0023B3A6 /* Debug */ = {
			isa = XCBuildConfiguration;
			baseConfigurationReference = 6055914C3339954301E3B024 /* Pods-test2.debug.xcconfig */;
			buildSettings = {
				ASSETCATALOG_COMPILER_APPICON_NAME = AppIcon;
				CODE_SIGN_IDENTITY = "iPhone Developer: Rodrigo Larrosa (L42L5RQV69)";
				"CODE_SIGN_IDENTITY[sdk=iphoneos*]" = "iPhone Developer: Rodrigo Larrosa (L42L5RQV69)";
				INFOPLIST_FILE = test2/Info.plist;
				IPHONEOS_DEPLOYMENT_TARGET = 8.1;
				LD_RUNPATH_SEARCH_PATHS = "$(inherited) @executable_path/Frameworks";
				PRODUCT_NAME = "$(TARGET_NAME)";
				PROVISIONING_PROFILE = "d1c5dfcb-3fe3-4adb-b5b6-e80215dd9e7d";
			};
			name = Debug;
		};
		46E445131B614ADE0023B3A6 /* Release */ = {
			isa = XCBuildConfiguration;
			baseConfigurationReference = 69F2EE130298D2DA3DACC973 /* Pods-test2.release.xcconfig */;
			buildSettings = {
				ASSETCATALOG_COMPILER_APPICON_NAME = AppIcon;
				CODE_SIGN_IDENTITY = "iPhone Developer: Rodrigo Larrosa (L42L5RQV69)";
				"CODE_SIGN_IDENTITY[sdk=iphoneos*]" = "iPhone Developer: Rodrigo Larrosa (L42L5RQV69)";
				INFOPLIST_FILE = test2/Info.plist;
				IPHONEOS_DEPLOYMENT_TARGET = 8.1;
				LD_RUNPATH_SEARCH_PATHS = "$(inherited) @executable_path/Frameworks";
				PRODUCT_NAME = "$(TARGET_NAME)";
				PROVISIONING_PROFILE = "d1c5dfcb-3fe3-4adb-b5b6-e80215dd9e7d";
			};
			name = Release;
		};
		46E445151B614ADE0023B3A6 /* Debug */ = {
			isa = XCBuildConfiguration;
			buildSettings = {
				BUNDLE_LOADER = "$(TEST_HOST)";
				FRAMEWORK_SEARCH_PATHS = (
					"$(SDKROOT)/Developer/Library/Frameworks",
					"$(inherited)",
				);
				GCC_PREPROCESSOR_DEFINITIONS = (
					"DEBUG=1",
					"$(inherited)",
				);
				INFOPLIST_FILE = test2Tests/Info.plist;
				LD_RUNPATH_SEARCH_PATHS = "$(inherited) @executable_path/Frameworks @loader_path/Frameworks";
				PRODUCT_NAME = "$(TARGET_NAME)";
				TEST_HOST = "$(BUILT_PRODUCTS_DIR)/test2.app/test2";
			};
			name = Debug;
		};
		46E445161B614ADE0023B3A6 /* Release */ = {
			isa = XCBuildConfiguration;
			buildSettings = {
				BUNDLE_LOADER = "$(TEST_HOST)";
				FRAMEWORK_SEARCH_PATHS = (
					"$(SDKROOT)/Developer/Library/Frameworks",
					"$(inherited)",
				);
				INFOPLIST_FILE = test2Tests/Info.plist;
				LD_RUNPATH_SEARCH_PATHS = "$(inherited) @executable_path/Frameworks @loader_path/Frameworks";
				PRODUCT_NAME = "$(TARGET_NAME)";
				TEST_HOST = "$(BUILT_PRODUCTS_DIR)/test2.app/test2";
			};
			name = Release;
		};
/* End XCBuildConfiguration section */

/* Begin XCConfigurationList section */
		46E444E91B614ADE0023B3A6 /* Build configuration list for PBXProject "test2" */ = {
			isa = XCConfigurationList;
			buildConfigurations = (
				46E4450F1B614ADE0023B3A6 /* Debug */,
				46E445101B614ADE0023B3A6 /* Release */,
			);
			defaultConfigurationIsVisible = 0;
			defaultConfigurationName = Release;
		};
		46E445111B614ADE0023B3A6 /* Build configuration list for PBXNativeTarget "test2" */ = {
			isa = XCConfigurationList;
			buildConfigurations = (
				46E445121B614ADE0023B3A6 /* Debug */,
				46E445131B614ADE0023B3A6 /* Release */,
			);
			defaultConfigurationIsVisible = 0;
			defaultConfigurationName = Release;
		};
		46E445141B614ADE0023B3A6 /* Build configuration list for PBXNativeTarget "test2Tests" */ = {
			isa = XCConfigurationList;
			buildConfigurations = (
				46E445151B614ADE0023B3A6 /* Debug */,
				46E445161B614ADE0023B3A6 /* Release */,
			);
			defaultConfigurationIsVisible = 0;
			defaultConfigurationName = Release;
		};
/* End XCConfigurationList section */
	};
	rootObject = 46E444E61B614ADE0023B3A6 /* Project object */;
}
